
Microsoft Visual Studio Solution File, Format Version 12.00
# Visual Studio Version 17
VisualStudioVersion = 17.0.31903.59
MinimumVisualStudioVersion = 10.0.40219.1
Project("{2150E333-8FDC-42A3-9474-1A3956D46DE8}") = "src", "src", "{827E0CD3-B72D-47B6-A68D-7590B98EB39B}"
EndProject
Project("{FAE04EC0-301F-11D3-BF4B-00C04F79EFBC}") = "SmartTripPlanner.Api", "src\SmartTripPlanner.Api\SmartTripPlanner.Api.csproj", "{17A43328-D3C5-4D54-B215-53100CF8E8C0}"
EndProject
Project("{FAE04EC0-301F-11D3-BF4B-00C04F79EFBC}") = "SmartTripPlanner.Tests", "src\SmartTripPlanner.Tests\SmartTripPlanner.Tests.csproj", "{2B8718BA-9AF1-4B67-AE76-22E7B1BA113F}"
EndProject
Global
	GlobalSection(SolutionConfigurationPlatforms) = preSolution
		Debug|Any CPU = Debug|Any CPU
		Debug|x64 = Debug|x64
		Debug|x86 = Debug|x86
		Release|Any CPU = Release|Any CPU
		Release|x64 = Release|x64
		Release|x86 = Release|x86
	EndGlobalSection
	GlobalSection(ProjectConfigurationPlatforms) = postSolution
		{17A43328-D3C5-4D54-B215-53100CF8E8C0}.Debug|Any CPU.ActiveCfg = Debug|Any CPU
		{17A43328-D3C5-4D54-B215-53100CF8E8C0}.Debug|Any CPU.Build.0 = Debug|Any CPU
		{17A43328-D3C5-4D54-B215-53100CF8E8C0}.Debug|x64.ActiveCfg = Debug|Any CPU
		{17A43328-D3C5-4D54-B215-53100CF8E8C0}.Debug|x64.Build.0 = Debug|Any CPU
		{17A43328-D3C5-4D54-B215-53100CF8E8C0}.Debug|x86.ActiveCfg = Debug|Any CPU
		{17A43328-D3C5-4D54-B215-53100CF8E8C0}.Debug|x86.Build.0 = Debug|Any CPU
		{17A43328-D3C5-4D54-B215-53100CF8E8C0}.Release|Any CPU.ActiveCfg = Release|Any CPU
		{17A43328-D3C5-4D54-B215-53100CF8E8C0}.Release|Any CPU.Build.0 = Release|Any CPU
		{17A43328-D3C5-4D54-B215-53100CF8E8C0}.Release|x64.ActiveCfg = Release|Any CPU
		{17A43328-D3C5-4D54-B215-53100CF8E8C0}.Release|x64.Build.0 = Release|Any CPU
		{17A43328-D3C5-4D54-B215-53100CF8E8C0}.Release|x86.ActiveCfg = Release|Any CPU
		{17A43328-D3C5-4D54-B215-53100CF8E8C0}.Release|x86.Build.0 = Release|Any CPU
		{2B8718BA-9AF1-4B67-AE76-22E7B1BA113F}.Debug|Any CPU.ActiveCfg = Debug|Any CPU
		{2B8718BA-9AF1-4B67-AE76-22E7B1BA113F}.Debug|Any CPU.Build.0 = Debug|Any CPU
		{2B8718BA-9AF1-4B67-AE76-22E7B1BA113F}.Debug|x64.ActiveCfg = Debug|Any CPU
		{2B8718BA-9AF1-4B67-AE76-22E7B1BA113F}.Debug|x64.Build.0 = Debug|Any CPU
		{2B8718BA-9AF1-4B67-AE76-22E7B1BA113F}.Debug|x86.ActiveCfg = Debug|Any CPU
		{2B8718BA-9AF1-4B67-AE76-22E7B1BA113F}.Debug|x86.Build.0 = Debug|Any CPU
		{2B8718BA-9AF1-4B67-AE76-22E7B1BA113F}.Release|Any CPU.ActiveCfg = Release|Any CPU
		{2B8718BA-9AF1-4B67-AE76-22E7B1BA113F}.Release|Any CPU.Build.0 = Release|Any CPU
		{2B8718BA-9AF1-4B67-AE76-22E7B1BA113F}.Release|x64.ActiveCfg = Release|Any CPU
		{2B8718BA-9AF1-4B67-AE76-22E7B1BA113F}.Release|x64.Build.0 = Release|Any CPU
		{2B8718BA-9AF1-4B67-AE76-22E7B1BA113F}.Release|x86.ActiveCfg = Release|Any CPU
		{2B8718BA-9AF1-4B67-AE76-22E7B1BA113F}.Release|x86.Build.0 = Release|Any CPU
	EndGlobalSection
	GlobalSection(SolutionProperties) = preSolution
		HideSolutionNode = FALSE
	EndGlobalSection
	GlobalSection(NestedProjects) = preSolution
		{17A43328-D3C5-4D54-B215-53100CF8E8C0} = {827E0CD3-B72D-47B6-A68D-7590B98EB39B}
		{2B8718BA-9AF1-4B67-AE76-22E7B1BA113F} = {827E0CD3-B72D-47B6-A68D-7590B98EB39B}
	EndGlobalSection
EndGlobal
